%{"bucs": {:hex, :bucs, "1.0.6", "b0467388b5adaabb4d8726595b7b754a961bfe80f0ccac88f58e1afea32be6d0", [:make, :mix, :rebar3], []},
  "doteki": {:hex, :doteki, "1.0.5", "1e719dbe540f84ea87c6dc92be4b6f706a42b08067af519de13b6efc27243a49", [:make, :mix, :rebar3], [{:bucs, "~> 1.0.6", [hex: :bucs, optional: false]}]}}
