{"1.1.0",
[{<<"bucs">>,{pkg,<<"bucs">>,<<"1.0.0">>},1},
 {<<"doteki">>,{pkg,<<"doteki">>,<<"1.0.0">>},0}]}.
[
{pkg_hash,[
 {<<"bucs">>, <<"851B1530F29C9A793F336D47D95967CD77388ED414D71E3C0BABD9253BA6AE3B">>},
 {<<"doteki">>, <<"52CFB4E8D92E85464C4434131215FA27D8B13C992AE3FBA572C2478ED55D68A2">>}]}
].
